lockfileVersion: '6.0'

settings:
  autoInstallPeers: true
  excludeLinksFromLockfile: false

devDependencies:
  '@keplr-wallet/types':
    specifier: ^0.12.63
    version: 0.12.63
  '@types/long':
    specifier: 4.0.2
    version: 4.0.2
  typescript:
    specifier: ^5.3.3
    version: 5.3.3

packages:

  /@keplr-wallet/types@0.12.63:
    resolution: {integrity: sha512-pN1+cVi5tjIjFjRS2jqUS2eoAHIApACGpJlXkrrzfQyxa6qO5W7B2sqQ9XGzpCoWl70VzpGm0Xlsj3lbBcaTKw==}
    dependencies:
      long: 4.0.0
    dev: true

  /@types/long@4.0.2:
    resolution: {integrity: sha512-MqTGEo5bj5t157U6fA/BiDynNkn0YknVdh48CMPkTSpFTVmvao5UQmm7uEF6xBEo7qIMAlY/JSleYaE6VOdpaA==}
    dev: true

  /long@4.0.0:
    resolution: {integrity: sha512-XsP+KhQif4bjX1kbuSiySJFNAehNxgLb6hPRGJ9QsUr8ajHkuXGdrHmFUTUUXhDwVX2R5bY4JNZEwbUiMhV+MA==}
    dev: true

  /typescript@5.3.3:
    resolution: {integrity: sha512-pXWcraxM0uxAS+tN0AG/BF2TyqmHO014Z070UsJ+pFvYuRSq8KH8DmWpnbXe0pEPDHXZV3FcAbJkijJ5oNEnWw==}
    engines: {node: '>=14.17'}
    hasBin: true
    dev: true
