# THIS IS AN AUTOGENERATED FILE. DO NOT EDIT THIS FILE DIRECTLY.
# yarn lockfile v1


"@keplr-wallet/types@^0.12.63":
  version "0.12.63"
  resolved "https://registry.yarnpkg.com/@keplr-wallet/types/-/types-0.12.63.tgz#684b018d0b9fd9f9eee79eb530f2306dfc9dedfc"
  integrity sha512-pN1+cVi5tjIjFjRS2jqUS2eoAHIApACGpJlXkrrzfQyxa6qO5W7B2sqQ9XGzpCoWl70VzpGm0Xlsj3lbBcaTKw==
  dependencies:
    long "^4.0.0"

"@types/long@^5.0.0":
  version "5.0.0"
  resolved "https://registry.yarnpkg.com/@types/long/-/long-5.0.0.tgz#daaa7b7f74c919c946ff74889d5ca2afe363b2cd"
  integrity sha512-eQs9RsucA/LNjnMoJvWG/nXa7Pot/RbBzilF/QRIU/xRl+0ApxrSUFsV5lmf01SvSlqMzJ7Zwxe440wmz2SJGA==
  dependencies:
    long "*"

long@*:
  version "5.2.3"
  resolved "https://registry.yarnpkg.com/long/-/long-5.2.3.tgz#a3ba97f3877cf1d778eccbcb048525ebb77499e1"
  integrity sha512-lcHwpNoggQTObv5apGNCTdJrO69eHOZMi4BNC+rTLER8iHAqGrUVeLh/irVIM7zTw2bOXA8T6uNPeujwOLg/2Q==

long@^4.0.0:
  version "4.0.0"
  resolved "https://registry.yarnpkg.com/long/-/long-4.0.0.tgz#9a7b71cfb7d361a194ea555241c92f7468d5bf28"
  integrity sha512-XsP+KhQif4bjX1kbuSiySJFNAehNxgLb6hPRGJ9QsUr8ajHkuXGdrHmFUTUUXhDwVX2R5bY4JNZEwbUiMhV+MA==

typescript@^5.3.3:
  version "5.3.3"
  resolved "https://registry.yarnpkg.com/typescript/-/typescript-5.3.3.tgz#b3ce6ba258e72e6305ba66f5c9b452aaee3ffe37"
  integrity sha512-pXWcraxM0uxAS+tN0AG/BF2TyqmHO014Z070UsJ+pFvYuRSq8KH8DmWpnbXe0pEPDHXZV3FcAbJkijJ5oNEnWw==
